
Microsoft Visual Studio Solution File, Format Version 12.00
# Visual Studio Version 17
VisualStudioVersion = 17.1.32421.90
MinimumVisualStudioVersion = 10.0.40219.1
Project("{FAE04EC0-301F-11D3-BF4B-00C04F79EFBC}") = "LoginPage(MVC)", "LoginPage(MVC)\LoginPage(MVC).csproj", "{33DD883B-AEF3-4F5D-A48F-D1B7E5C9CFDC}"
EndProject
Global
	GlobalSection(SolutionConfigurationPlatforms) = preSolution
		Debug|Any CPU = Debug|Any CPU
		Release|Any CPU = Release|Any CPU
	EndGlobalSection
	GlobalSection(ProjectConfigurationPlatforms) = postSolution
		{33DD883B-AEF3-4F5D-A48F-D1B7E5C9CFDC}.Debug|Any CPU.ActiveCfg = Debug|Any CPU
		{33DD883B-AEF3-4F5D-A48F-D1B7E5C9CFDC}.Debug|Any CPU.Build.0 = Debug|Any CPU
		{33DD883B-AEF3-4F5D-A48F-D1B7E5C9CFDC}.Release|Any CPU.ActiveCfg = Release|Any CPU
		{33DD883B-AEF3-4F5D-A48F-D1B7E5C9CFDC}.Release|Any CPU.Build.0 = Release|Any CPU
	EndGlobalSection
	GlobalSection(SolutionProperties) = preSolution
		HideSolutionNode = FALSE
	EndGlobalSection
	GlobalSection(ExtensibilityGlobals) = postSolution
		SolutionGuid = {62B652E2-D6FF-436B-A555-6FA6268B8136}
	EndGlobalSection
EndGlobal
